Microsoft Visual Studio Solution File, Format Version 12.00
# Visual Studio Version 17
VisualStudioVersion = 17.5.2.0
MinimumVisualStudioVersion = 10.0.40219.1
Project("{FAE04EC0-301F-11D3-BF4B-00C04F79EFBC}") = "MyCoffeeLtd", "MyCoffeeLtd.csproj", "{391A6837-7CB2-7CB7-C9BB-6E52A83BD496}"
EndProject
Global
	GlobalSection(SolutionConfigurationPlatforms) = preSolution
		Debug|Any CPU = Debug|Any CPU
		Release|Any CPU = Release|Any CPU
	EndGlobalSection
	GlobalSection(ProjectConfigurationPlatforms) = postSolution
		{391A6837-7CB2-7CB7-C9BB-6E52A83BD496}.Debug|Any CPU.ActiveCfg = Debug|Any CPU
		{391A6837-7CB2-7CB7-C9BB-6E52A83BD496}.Debug|Any CPU.Build.0 = Debug|Any CPU
		{391A6837-7CB2-7CB7-C9BB-6E52A83BD496}.Release|Any CPU.ActiveCfg = Release|Any CPU
		{391A6837-7CB2-7CB7-C9BB-6E52A83BD496}.Release|Any CPU.Build.0 = Release|Any CPU
	EndGlobalSection
	GlobalSection(SolutionProperties) = preSolution
		HideSolutionNode = FALSE
	EndGlobalSection
	GlobalSection(ExtensibilityGlobals) = postSolution
		SolutionGuid = {0B6453C7-9C08-4060-99F5-8F0C424E37CE}
	EndGlobalSection
EndGlobal
